
Microsoft Visual Studio Solution File, Format Version 12.00
# Visual Studio 2012
Project("{F184B08F-C81C-45F6-A57F-5ABD9991F28F}") = "APIMASH_CNorris_VB_StarterKit", "APIMASH_CNorris_VB_StarterKit\APIMASH_CNorris_VB_StarterKit.vbproj", "{98047C7F-1497-4B7E-A787-12C71CB9FCE9}"
EndProject
Project("{F184B08F-C81C-45F6-A57F-5ABD9991F28F}") = "APIMASH_CNorrisVBLib", "APIMASH_CNorrisVBLib\APIMASH_CNorrisVBLib.vbproj", "{A186A1CA-037F-448F-97BD-1977B36A8170}"
EndProject
Project("{F184B08F-C81C-45F6-A57F-5ABD9991F28F}") = "APIMASHVBLib", "APIMASHVBLib\APIMASHVBLib.vbproj", "{F11104C4-B9BE-44DB-A4C2-CA798CB2B2AF}"
EndProject
Global
	GlobalSection(SolutionConfigurationPlatforms) = preSolution
		Debug|Any CPU = Debug|Any CPU
		Debug|ARM = Debug|ARM
		Debug|x64 = Debug|x64
		Debug|x86 = Debug|x86
		Release|Any CPU = Release|Any CPU
		Release|ARM = Release|ARM
		Release|x64 = Release|x64
		Release|x86 = Release|x86
	EndGlobalSection
	GlobalSection(ProjectConfigurationPlatforms) = postSolution
		{98047C7F-1497-4B7E-A787-12C71CB9FCE9}.Debug|Any CPU.ActiveCfg = Debug|Any CPU
		{98047C7F-1497-4B7E-A787-12C71CB9FCE9}.Debug|Any CPU.Build.0 = Debug|Any CPU
		{98047C7F-1497-4B7E-A787-12C71CB9FCE9}.Debug|Any CPU.Deploy.0 = Debug|Any CPU
		{98047C7F-1497-4B7E-A787-12C71CB9FCE9}.Debug|ARM.ActiveCfg = Debug|ARM
		{98047C7F-1497-4B7E-A787-12C71CB9FCE9}.Debug|ARM.Build.0 = Debug|ARM
		{98047C7F-1497-4B7E-A787-12C71CB9FCE9}.Debug|ARM.Deploy.0 = Debug|ARM
		{98047C7F-1497-4B7E-A787-12C71CB9FCE9}.Debug|x64.ActiveCfg = Debug|x64
		{98047C7F-1497-4B7E-A787-12C71CB9FCE9}.Debug|x64.Build.0 = Debug|x64
		{98047C7F-1497-4B7E-A787-12C71CB9FCE9}.Debug|x64.Deploy.0 = Debug|x64
		{98047C7F-1497-4B7E-A787-12C71CB9FCE9}.Debug|x86.ActiveCfg = Debug|x86
		{98047C7F-1497-4B7E-A787-12C71CB9FCE9}.Debug|x86.Build.0 = Debug|x86
		{98047C7F-1497-4B7E-A787-12C71CB9FCE9}.Debug|x86.Deploy.0 = Debug|x86
		{98047C7F-1497-4B7E-A787-12C71CB9FCE9}.Release|Any CPU.ActiveCfg = Release|Any CPU
		{98047C7F-1497-4B7E-A787-12C71CB9FCE9}.Release|Any CPU.Build.0 = Release|Any CPU
		{98047C7F-1497-4B7E-A787-12C71CB9FCE9}.Release|Any CPU.Deploy.0 = Release|Any CPU
		{98047C7F-1497-4B7E-A787-12C71CB9FCE9}.Release|ARM.ActiveCfg = Release|ARM
		{98047C7F-1497-4B7E-A787-12C71CB9FCE9}.Release|ARM.Build.0 = Release|ARM
		{98047C7F-1497-4B7E-A787-12C71CB9FCE9}.Release|ARM.Deploy.0 = Release|ARM
		{98047C7F-1497-4B7E-A787-12C71CB9FCE9}.Release|x64.ActiveCfg = Release|x64
		{98047C7F-1497-4B7E-A787-12C71CB9FCE9}.Release|x64.Build.0 = Release|x64
		{98047C7F-1497-4B7E-A787-12C71CB9FCE9}.Release|x64.Deploy.0 = Release|x64
		{98047C7F-1497-4B7E-A787-12C71CB9FCE9}.Release|x86.ActiveCfg = Release|x86
		{98047C7F-1497-4B7E-A787-12C71CB9FCE9}.Release|x86.Build.0 = Release|x86
		{98047C7F-1497-4B7E-A787-12C71CB9FCE9}.Release|x86.Deploy.0 = Release|x86
		{A186A1CA-037F-448F-97BD-1977B36A8170}.Debug|Any CPU.ActiveCfg = Debug|Any CPU
		{A186A1CA-037F-448F-97BD-1977B36A8170}.Debug|Any CPU.Build.0 = Debug|Any CPU
		{A186A1CA-037F-448F-97BD-1977B36A8170}.Debug|ARM.ActiveCfg = Debug|ARM
		{A186A1CA-037F-448F-97BD-1977B36A8170}.Debug|ARM.Build.0 = Debug|ARM
		{A186A1CA-037F-448F-97BD-1977B36A8170}.Debug|x64.ActiveCfg = Debug|x64
		{A186A1CA-037F-448F-97BD-1977B36A8170}.Debug|x64.Build.0 = Debug|x64
		{A186A1CA-037F-448F-97BD-1977B36A8170}.Debug|x86.ActiveCfg = Debug|x86
		{A186A1CA-037F-448F-97BD-1977B36A8170}.Debug|x86.Build.0 = Debug|x86
		{A186A1CA-037F-448F-97BD-1977B36A8170}.Release|Any CPU.ActiveCfg = Release|Any CPU
		{A186A1CA-037F-448F-97BD-1977B36A8170}.Release|Any CPU.Build.0 = Release|Any CPU
		{A186A1CA-037F-448F-97BD-1977B36A8170}.Release|ARM.ActiveCfg = Release|ARM
		{A186A1CA-037F-448F-97BD-1977B36A8170}.Release|ARM.Build.0 = Release|ARM
		{A186A1CA-037F-448F-97BD-1977B36A8170}.Release|x64.ActiveCfg = Release|x64
		{A186A1CA-037F-448F-97BD-1977B36A8170}.Release|x64.Build.0 = Release|x64
		{A186A1CA-037F-448F-97BD-1977B36A8170}.Release|x86.ActiveCfg = Release|x86
		{A186A1CA-037F-448F-97BD-1977B36A8170}.Release|x86.Build.0 = Release|x86
		{F11104C4-B9BE-44DB-A4C2-CA798CB2B2AF}.Debug|Any CPU.ActiveCfg = Debug|Any CPU
		{F11104C4-B9BE-44DB-A4C2-CA798CB2B2AF}.Debug|Any CPU.Build.0 = Debug|Any CPU
		{F11104C4-B9BE-44DB-A4C2-CA798CB2B2AF}.Debug|ARM.ActiveCfg = Debug|ARM
		{F11104C4-B9BE-44DB-A4C2-CA798CB2B2AF}.Debug|ARM.Build.0 = Debug|ARM
		{F11104C4-B9BE-44DB-A4C2-CA798CB2B2AF}.Debug|x64.ActiveCfg = Debug|x64
		{F11104C4-B9BE-44DB-A4C2-CA798CB2B2AF}.Debug|x64.Build.0 = Debug|x64
		{F11104C4-B9BE-44DB-A4C2-CA798CB2B2AF}.Debug|x86.ActiveCfg = Debug|x86
		{F11104C4-B9BE-44DB-A4C2-CA798CB2B2AF}.Debug|x86.Build.0 = Debug|x86
		{F11104C4-B9BE-44DB-A4C2-CA798CB2B2AF}.Release|Any CPU.ActiveCfg = Release|Any CPU
		{F11104C4-B9BE-44DB-A4C2-CA798CB2B2AF}.Release|Any CPU.Build.0 = Release|Any CPU
		{F11104C4-B9BE-44DB-A4C2-CA798CB2B2AF}.Release|ARM.ActiveCfg = Release|ARM
		{F11104C4-B9BE-44DB-A4C2-CA798CB2B2AF}.Release|ARM.Build.0 = Release|ARM
		{F11104C4-B9BE-44DB-A4C2-CA798CB2B2AF}.Release|x64.ActiveCfg = Release|x64
		{F11104C4-B9BE-44DB-A4C2-CA798CB2B2AF}.Release|x64.Build.0 = Release|x64
		{F11104C4-B9BE-44DB-A4C2-CA798CB2B2AF}.Release|x86.ActiveCfg = Release|x86
		{F11104C4-B9BE-44DB-A4C2-CA798CB2B2AF}.Release|x86.Build.0 = Release|x86
	EndGlobalSection
	GlobalSection(SolutionProperties) = preSolution
		HideSolutionNode = FALSE
	EndGlobalSection
EndGlobal
