
Microsoft Visual Studio Solution File, Format Version 12.00
# Visual Studio 2012
Project("{FAE04EC0-301F-11D3-BF4B-00C04F79EFBC}") = "APIMASH_Yelp_StarterKit", "APIMASH_Yelp_StarterKit\APIMASH_Yelp_StarterKit.csproj", "{A074936C-ACCC-4F5F-A7C4-C8143697E46F}"
EndProject
Project("{FAE04EC0-301F-11D3-BF4B-00C04F79EFBC}") = "APIMASH_YelpLib", "APIMASH_YelpLib\APIMASH_YelpLib.csproj", "{AF7C444A-54E5-4605-A881-984EBBB2831C}"
EndProject
Project("{2150E333-8FDC-42A3-9474-1A3956D46DE8}") = "Solution Items", "Solution Items", "{8ACEDC86-8ACC-41DB-B673-F0A4D01E532B}"
	ProjectSection(SolutionItems) = preProject
		Readme.md = Readme.md
		..\Users\cbowen\Desktop\screenshot_main.png = ..\Users\cbowen\Desktop\screenshot_main.png
		..\Users\cbowen\Desktop\screenshot_snapped_view.png = ..\Users\cbowen\Desktop\screenshot_snapped_view.png
		..\Users\cbowen\Desktop\screenshot_splashscreen.png = ..\Users\cbowen\Desktop\screenshot_splashscreen.png
	EndProjectSection
EndProject
Project("{FAE04EC0-301F-11D3-BF4B-00C04F79EFBC}") = "APIMASHLib", "APIMASHLib\APIMASHLib\APIMASHLib.csproj", "{A7CB71B9-C19E-4A82-8308-D83490F16EF2}"
EndProject
Global
	GlobalSection(SolutionConfigurationPlatforms) = preSolution
		Debug|Any CPU = Debug|Any CPU
		Debug|ARM = Debug|ARM
		Debug|x64 = Debug|x64
		Debug|x86 = Debug|x86
		Release|Any CPU = Release|Any CPU
		Release|ARM = Release|ARM
		Release|x64 = Release|x64
		Release|x86 = Release|x86
	EndGlobalSection
	GlobalSection(ProjectConfigurationPlatforms) = postSolution
		{A074936C-ACCC-4F5F-A7C4-C8143697E46F}.Debug|Any CPU.ActiveCfg = Debug|Any CPU
		{A074936C-ACCC-4F5F-A7C4-C8143697E46F}.Debug|Any CPU.Build.0 = Debug|Any CPU
		{A074936C-ACCC-4F5F-A7C4-C8143697E46F}.Debug|Any CPU.Deploy.0 = Debug|Any CPU
		{A074936C-ACCC-4F5F-A7C4-C8143697E46F}.Debug|ARM.ActiveCfg = Debug|ARM
		{A074936C-ACCC-4F5F-A7C4-C8143697E46F}.Debug|ARM.Build.0 = Debug|ARM
		{A074936C-ACCC-4F5F-A7C4-C8143697E46F}.Debug|ARM.Deploy.0 = Debug|ARM
		{A074936C-ACCC-4F5F-A7C4-C8143697E46F}.Debug|x64.ActiveCfg = Debug|x64
		{A074936C-ACCC-4F5F-A7C4-C8143697E46F}.Debug|x64.Build.0 = Debug|x64
		{A074936C-ACCC-4F5F-A7C4-C8143697E46F}.Debug|x64.Deploy.0 = Debug|x64
		{A074936C-ACCC-4F5F-A7C4-C8143697E46F}.Debug|x86.ActiveCfg = Debug|x86
		{A074936C-ACCC-4F5F-A7C4-C8143697E46F}.Debug|x86.Build.0 = Debug|x86
		{A074936C-ACCC-4F5F-A7C4-C8143697E46F}.Debug|x86.Deploy.0 = Debug|x86
		{A074936C-ACCC-4F5F-A7C4-C8143697E46F}.Release|Any CPU.ActiveCfg = Release|Any CPU
		{A074936C-ACCC-4F5F-A7C4-C8143697E46F}.Release|Any CPU.Build.0 = Release|Any CPU
		{A074936C-ACCC-4F5F-A7C4-C8143697E46F}.Release|Any CPU.Deploy.0 = Release|Any CPU
		{A074936C-ACCC-4F5F-A7C4-C8143697E46F}.Release|ARM.ActiveCfg = Release|ARM
		{A074936C-ACCC-4F5F-A7C4-C8143697E46F}.Release|ARM.Build.0 = Release|ARM
		{A074936C-ACCC-4F5F-A7C4-C8143697E46F}.Release|ARM.Deploy.0 = Release|ARM
		{A074936C-ACCC-4F5F-A7C4-C8143697E46F}.Release|x64.ActiveCfg = Release|x64
		{A074936C-ACCC-4F5F-A7C4-C8143697E46F}.Release|x64.Build.0 = Release|x64
		{A074936C-ACCC-4F5F-A7C4-C8143697E46F}.Release|x64.Deploy.0 = Release|x64
		{A074936C-ACCC-4F5F-A7C4-C8143697E46F}.Release|x86.ActiveCfg = Release|x86
		{A074936C-ACCC-4F5F-A7C4-C8143697E46F}.Release|x86.Build.0 = Release|x86
		{A074936C-ACCC-4F5F-A7C4-C8143697E46F}.Release|x86.Deploy.0 = Release|x86
		{AF7C444A-54E5-4605-A881-984EBBB2831C}.Debug|Any CPU.ActiveCfg = Debug|Any CPU
		{AF7C444A-54E5-4605-A881-984EBBB2831C}.Debug|Any CPU.Build.0 = Debug|Any CPU
		{AF7C444A-54E5-4605-A881-984EBBB2831C}.Debug|ARM.ActiveCfg = Debug|ARM
		{AF7C444A-54E5-4605-A881-984EBBB2831C}.Debug|ARM.Build.0 = Debug|ARM
		{AF7C444A-54E5-4605-A881-984EBBB2831C}.Debug|x64.ActiveCfg = Debug|x64
		{AF7C444A-54E5-4605-A881-984EBBB2831C}.Debug|x64.Build.0 = Debug|x64
		{AF7C444A-54E5-4605-A881-984EBBB2831C}.Debug|x86.ActiveCfg = Debug|x86
		{AF7C444A-54E5-4605-A881-984EBBB2831C}.Debug|x86.Build.0 = Debug|x86
		{AF7C444A-54E5-4605-A881-984EBBB2831C}.Release|Any CPU.ActiveCfg = Release|Any CPU
		{AF7C444A-54E5-4605-A881-984EBBB2831C}.Release|Any CPU.Build.0 = Release|Any CPU
		{AF7C444A-54E5-4605-A881-984EBBB2831C}.Release|ARM.ActiveCfg = Release|ARM
		{AF7C444A-54E5-4605-A881-984EBBB2831C}.Release|ARM.Build.0 = Release|ARM
		{AF7C444A-54E5-4605-A881-984EBBB2831C}.Release|x64.ActiveCfg = Release|x64
		{AF7C444A-54E5-4605-A881-984EBBB2831C}.Release|x64.Build.0 = Release|x64
		{AF7C444A-54E5-4605-A881-984EBBB2831C}.Release|x86.ActiveCfg = Release|x86
		{AF7C444A-54E5-4605-A881-984EBBB2831C}.Release|x86.Build.0 = Release|x86
		{A7CB71B9-C19E-4A82-8308-D83490F16EF2}.Debug|Any CPU.ActiveCfg = Debug|Any CPU
		{A7CB71B9-C19E-4A82-8308-D83490F16EF2}.Debug|Any CPU.Build.0 = Debug|Any CPU
		{A7CB71B9-C19E-4A82-8308-D83490F16EF2}.Debug|ARM.ActiveCfg = Debug|ARM
		{A7CB71B9-C19E-4A82-8308-D83490F16EF2}.Debug|ARM.Build.0 = Debug|ARM
		{A7CB71B9-C19E-4A82-8308-D83490F16EF2}.Debug|x64.ActiveCfg = Debug|x64
		{A7CB71B9-C19E-4A82-8308-D83490F16EF2}.Debug|x64.Build.0 = Debug|x64
		{A7CB71B9-C19E-4A82-8308-D83490F16EF2}.Debug|x86.ActiveCfg = Debug|x86
		{A7CB71B9-C19E-4A82-8308-D83490F16EF2}.Debug|x86.Build.0 = Debug|x86
		{A7CB71B9-C19E-4A82-8308-D83490F16EF2}.Release|Any CPU.ActiveCfg = Release|Any CPU
		{A7CB71B9-C19E-4A82-8308-D83490F16EF2}.Release|Any CPU.Build.0 = Release|Any CPU
		{A7CB71B9-C19E-4A82-8308-D83490F16EF2}.Release|ARM.ActiveCfg = Release|ARM
		{A7CB71B9-C19E-4A82-8308-D83490F16EF2}.Release|ARM.Build.0 = Release|ARM
		{A7CB71B9-C19E-4A82-8308-D83490F16EF2}.Release|x64.ActiveCfg = Release|x64
		{A7CB71B9-C19E-4A82-8308-D83490F16EF2}.Release|x64.Build.0 = Release|x64
		{A7CB71B9-C19E-4A82-8308-D83490F16EF2}.Release|x86.ActiveCfg = Release|x86
		{A7CB71B9-C19E-4A82-8308-D83490F16EF2}.Release|x86.Build.0 = Release|x86
	EndGlobalSection
	GlobalSection(SolutionProperties) = preSolution
		HideSolutionNode = FALSE
	EndGlobalSection
EndGlobal
