
Microsoft Visual Studio Solution File, Format Version 12.00
# Visual Studio 2012
Project("{FAE04EC0-301F-11D3-BF4B-00C04F79EFBC}") = "APIMASH_EchoNest_StarterKit_Phone", "APIMASH_EchoNest_StarterKit_Phone\APIMASH_EchoNest_StarterKit_Phone.csproj", "{89450ECC-E638-44DE-A85A-076853E8478F}"
EndProject
Project("{FAE04EC0-301F-11D3-BF4B-00C04F79EFBC}") = "APIMASH_EchoNestLib", "APIMASH_EchoNestLib\APIMASH_EchoNestLib.csproj", "{2450A480-F794-492C-8835-1E253DCF878E}"
EndProject
Project("{FAE04EC0-301F-11D3-BF4B-00C04F79EFBC}") = "APIMASHLib", "APIMASHLib\APIMASHLib.csproj", "{743D8CD1-E0E0-4D7D-B97A-8E346DBF311F}"
EndProject
Global
	GlobalSection(SolutionConfigurationPlatforms) = preSolution
		Debug|Any CPU = Debug|Any CPU
		Debug|ARM = Debug|ARM
		Debug|x86 = Debug|x86
		Release|Any CPU = Release|Any CPU
		Release|ARM = Release|ARM
		Release|x86 = Release|x86
	EndGlobalSection
	GlobalSection(ProjectConfigurationPlatforms) = postSolution
		{89450ECC-E638-44DE-A85A-076853E8478F}.Debug|Any CPU.ActiveCfg = Debug|Any CPU
		{89450ECC-E638-44DE-A85A-076853E8478F}.Debug|Any CPU.Build.0 = Debug|Any CPU
		{89450ECC-E638-44DE-A85A-076853E8478F}.Debug|Any CPU.Deploy.0 = Debug|Any CPU
		{89450ECC-E638-44DE-A85A-076853E8478F}.Debug|ARM.ActiveCfg = Debug|ARM
		{89450ECC-E638-44DE-A85A-076853E8478F}.Debug|ARM.Build.0 = Debug|ARM
		{89450ECC-E638-44DE-A85A-076853E8478F}.Debug|ARM.Deploy.0 = Debug|ARM
		{89450ECC-E638-44DE-A85A-076853E8478F}.Debug|x86.ActiveCfg = Debug|x86
		{89450ECC-E638-44DE-A85A-076853E8478F}.Debug|x86.Build.0 = Debug|x86
		{89450ECC-E638-44DE-A85A-076853E8478F}.Debug|x86.Deploy.0 = Debug|x86
		{89450ECC-E638-44DE-A85A-076853E8478F}.Release|Any CPU.ActiveCfg = Release|Any CPU
		{89450ECC-E638-44DE-A85A-076853E8478F}.Release|Any CPU.Build.0 = Release|Any CPU
		{89450ECC-E638-44DE-A85A-076853E8478F}.Release|Any CPU.Deploy.0 = Release|Any CPU
		{89450ECC-E638-44DE-A85A-076853E8478F}.Release|ARM.ActiveCfg = Release|ARM
		{89450ECC-E638-44DE-A85A-076853E8478F}.Release|ARM.Build.0 = Release|ARM
		{89450ECC-E638-44DE-A85A-076853E8478F}.Release|ARM.Deploy.0 = Release|ARM
		{89450ECC-E638-44DE-A85A-076853E8478F}.Release|x86.ActiveCfg = Release|x86
		{89450ECC-E638-44DE-A85A-076853E8478F}.Release|x86.Build.0 = Release|x86
		{89450ECC-E638-44DE-A85A-076853E8478F}.Release|x86.Deploy.0 = Release|x86
		{2450A480-F794-492C-8835-1E253DCF878E}.Debug|Any CPU.ActiveCfg = Debug|Any CPU
		{2450A480-F794-492C-8835-1E253DCF878E}.Debug|Any CPU.Build.0 = Debug|Any CPU
		{2450A480-F794-492C-8835-1E253DCF878E}.Debug|ARM.ActiveCfg = Debug|ARM
		{2450A480-F794-492C-8835-1E253DCF878E}.Debug|ARM.Build.0 = Debug|ARM
		{2450A480-F794-492C-8835-1E253DCF878E}.Debug|x86.ActiveCfg = Debug|x86
		{2450A480-F794-492C-8835-1E253DCF878E}.Debug|x86.Build.0 = Debug|x86
		{2450A480-F794-492C-8835-1E253DCF878E}.Release|Any CPU.ActiveCfg = Release|Any CPU
		{2450A480-F794-492C-8835-1E253DCF878E}.Release|Any CPU.Build.0 = Release|Any CPU
		{2450A480-F794-492C-8835-1E253DCF878E}.Release|ARM.ActiveCfg = Release|ARM
		{2450A480-F794-492C-8835-1E253DCF878E}.Release|ARM.Build.0 = Release|ARM
		{2450A480-F794-492C-8835-1E253DCF878E}.Release|x86.ActiveCfg = Release|x86
		{2450A480-F794-492C-8835-1E253DCF878E}.Release|x86.Build.0 = Release|x86
		{743D8CD1-E0E0-4D7D-B97A-8E346DBF311F}.Debug|Any CPU.ActiveCfg = Debug|Any CPU
		{743D8CD1-E0E0-4D7D-B97A-8E346DBF311F}.Debug|Any CPU.Build.0 = Debug|Any CPU
		{743D8CD1-E0E0-4D7D-B97A-8E346DBF311F}.Debug|ARM.ActiveCfg = Debug|ARM
		{743D8CD1-E0E0-4D7D-B97A-8E346DBF311F}.Debug|ARM.Build.0 = Debug|ARM
		{743D8CD1-E0E0-4D7D-B97A-8E346DBF311F}.Debug|x86.ActiveCfg = Debug|x86
		{743D8CD1-E0E0-4D7D-B97A-8E346DBF311F}.Debug|x86.Build.0 = Debug|x86
		{743D8CD1-E0E0-4D7D-B97A-8E346DBF311F}.Release|Any CPU.ActiveCfg = Release|Any CPU
		{743D8CD1-E0E0-4D7D-B97A-8E346DBF311F}.Release|Any CPU.Build.0 = Release|Any CPU
		{743D8CD1-E0E0-4D7D-B97A-8E346DBF311F}.Release|ARM.ActiveCfg = Release|ARM
		{743D8CD1-E0E0-4D7D-B97A-8E346DBF311F}.Release|ARM.Build.0 = Release|ARM
		{743D8CD1-E0E0-4D7D-B97A-8E346DBF311F}.Release|x86.ActiveCfg = Release|x86
		{743D8CD1-E0E0-4D7D-B97A-8E346DBF311F}.Release|x86.Build.0 = Release|x86
	EndGlobalSection
	GlobalSection(SolutionProperties) = preSolution
		HideSolutionNode = FALSE
	EndGlobalSection
EndGlobal
